// !$*UTF8*$!
{
	archiveVersion = 1;
	classes = {
	};
	objectVersion = 56;
	objects = {

/* Begin PBXBuildFile section */
		2F353C1629D02C380012A5A6 /* Assets.xcassets in Resources */ = {isa = PBXBuildFile; fileRef = 2F353C0E29D02C380012A5A6 /* Assets.xcassets */; };
		2F353C1729D02C380012A5A6 /* gamingsimplecleanApp.swift in Sources */ = {isa = PBXBuildFile; fileRef = 2F353C1029D02C380012A5A6 /* gamingsimplecleanApp.swift */; };
		2F353C1829D02C380012A5A6 /* ContentView.swift in Sources */ = {isa = PBXBuildFile; fileRef = 2F353C1129D02C380012A5A6 /* ContentView.swift */; };
		2F353C1929D02C380012A5A6 /* AppInjection.swift in Sources */ = {isa = PBXBuildFile; fileRef = 2F353C1329D02C380012A5A6 /* AppInjection.swift */; };
		2F353C1A29D02C380012A5A6 /* Preview Assets.xcassets in Resources */ = {isa = PBXBuildFile; fileRef = 2F353C1529D02C380012A5A6 /* Preview Assets.xcassets */; };
		2F353C2429D02CA00012A5A6 /* RGAbout in Frameworks */ = {isa = PBXBuildFile; productRef = 2F353C2329D02CA00012A5A6 /* RGAbout */; };
		2F353C2629D02CA30012A5A6 /* RGCore in Frameworks */ = {isa = PBXBuildFile; productRef = 2F353C2529D02CA30012A5A6 /* RGCore */; };
		2F353C2829D02CA60012A5A6 /* RGDetail in Frameworks */ = {isa = PBXBuildFile; productRef = 2F353C2729D02CA60012A5A6 /* RGDetail */; };
		2F353C2A29D02CA90012A5A6 /* RGFavorite in Frameworks */ = {isa = PBXBuildFile; productRef = 2F353C2929D02CA90012A5A6 /* RGFavorite */; };
		2F353C2C29D02CAD0012A5A6 /* RGGameRow in Frameworks */ = {isa = PBXBuildFile; productRef = 2F353C2B29D02CAD0012A5A6 /* RGGameRow */; };
		2F353C2E29D02CAF0012A5A6 /* RGHome in Frameworks */ = {isa = PBXBuildFile; productRef = 2F353C2D29D02CAF0012A5A6 /* RGHome */; };
		2F4C86E929D02BA6004BC9CD /* gamingsimplecleanTests.swift in Sources */ = {isa = PBXBuildFile; fileRef = 2F4C86E829D02BA6004BC9CD /* gamingsimplecleanTests.swift */; };
		2F4C86F329D02BA6004BC9CD /* gamingsimplecleanUITests.swift in Sources */ = {isa = PBXBuildFile; fileRef = 2F4C86F229D02BA6004BC9CD /* gamingsimplecleanUITests.swift */; };
		2F4C86F529D02BA6004BC9CD /* gamingsimplecleanUITestsLaunchTests.swift in Sources */ = {isa = PBXBuildFile; fileRef = 2F4C86F429D02BA6004BC9CD /* gamingsimplecleanUITestsLaunchTests.swift */; };
/* End PBXBuildFile section */

/* Begin PBXContainerItemProxy section */
		2F4C86E529D02BA6004BC9CD /* PBXContainerItemProxy */ = {
			isa = PBXContainerItemProxy;
			containerPortal = 2F4C86CC29D02BA5004BC9CD /* Project object */;
			proxyType = 1;
			remoteGlobalIDString = 2F4C86D329D02BA5004BC9CD;
			remoteInfo = gamingsimpleclean;
		};
		2F4C86EF29D02BA6004BC9CD /* PBXContainerItemProxy */ = {
			isa = PBXContainerItemProxy;
			containerPortal = 2F4C86CC29D02BA5004BC9CD /* Project object */;
			proxyType = 1;
			remoteGlobalIDString = 2F4C86D329D02BA5004BC9CD;
			remoteInfo = gamingsimpleclean;
		};
/* End PBXContainerItemProxy section */

/* Begin PBXFileReference section */
		2F353C0E29D02C380012A5A6 /* Assets.xcassets */ = {isa = PBXFileReference; lastKnownFileType = folder.assetcatalog; path = Assets.xcassets; sourceTree = "<group>"; };
		2F353C1029D02C380012A5A6 /* gamingsimplecleanApp.swift */ = {isa = PBXFileReference; fileEncoding = 4; lastKnownFileType = sourcecode.swift; path = gamingsimplecleanApp.swift; sourceTree = "<group>"; };
		2F353C1129D02C380012A5A6 /* ContentView.swift */ = {isa = PBXFileReference; fileEncoding = 4; lastKnownFileType = sourcecode.swift; path = ContentView.swift; sourceTree = "<group>"; };
		2F353C1329D02C380012A5A6 /* AppInjection.swift */ = {isa = PBXFileReference; fileEncoding = 4; lastKnownFileType = sourcecode.swift; path = AppInjection.swift; sourceTree = "<group>"; };
		2F353C1529D02C380012A5A6 /* Preview Assets.xcassets */ = {isa = PBXFileReference; lastKnownFileType = folder.assetcatalog; path = "Preview Assets.xcassets"; sourceTree = "<group>"; };
		2F353C1C29D02C490012A5A6 /* RGAbout */ = {isa = PBXFileReference; lastKnownFileType = wrapper; name = RGAbout; path = modules/RGAbout; sourceTree = "<group>"; };
		2F353C1D29D02C530012A5A6 /* RGCore */ = {isa = PBXFileReference; lastKnownFileType = wrapper; name = RGCore; path = modules/RGCore; sourceTree = "<group>"; };
		2F353C1E29D02C5B0012A5A6 /* RGDetail */ = {isa = PBXFileReference; lastKnownFileType = wrapper; name = RGDetail; path = modules/RGDetail; sourceTree = "<group>"; };
		2F353C1F29D02C670012A5A6 /* RGFavorite */ = {isa = PBXFileReference; lastKnownFileType = wrapper; name = RGFavorite; path = modules/RGFavorite; sourceTree = "<group>"; };
		2F353C2029D02C720012A5A6 /* RGGameRow */ = {isa = PBXFileReference; lastKnownFileType = wrapper; name = RGGameRow; path = modules/RGGameRow; sourceTree = "<group>"; };
		2F353C2129D02C7E0012A5A6 /* RGHome */ = {isa = PBXFileReference; lastKnownFileType = wrapper; name = RGHome; path = modules/RGHome; sourceTree = "<group>"; };
		2F4C86D429D02BA5004BC9CD /* gamingsimpleclean.app */ = {isa = PBXFileReference; explicitFileType = wrapper.application; includeInIndex = 0; path = gamingsimpleclean.app; sourceTree = BUILT_PRODUCTS_DIR; };
		2F4C86E429D02BA6004BC9CD /* gamingsimplecleanTests.xctest */ = {isa = PBXFileReference; explicitFileType = wrapper.cfbundle; includeInIndex = 0; path = gamingsimplecleanTests.xctest; sourceTree = BUILT_PRODUCTS_DIR; };
		2F4C86E829D02BA6004BC9CD /* gamingsimplecleanTests.swift */ = {isa = PBXFileReference; lastKnownFileType = sourcecode.swift; path = gamingsimplecleanTests.swift; sourceTree = "<group>"; };
		2F4C86EE29D02BA6004BC9CD /* gamingsimplecleanUITests.xctest */ = {isa = PBXFileReference; explicitFileType = wrapper.cfbundle; includeInIndex = 0; path = gamingsimplecleanUITests.xctest; sourceTree = BUILT_PRODUCTS_DIR; };
		2F4C86F229D02BA6004BC9CD /* gamingsimplecleanUITests.swift */ = {isa = PBXFileReference; lastKnownFileType = sourcecode.swift; path = gamingsimplecleanUITests.swift; sourceTree = "<group>"; };
		2F4C86F429D02BA6004BC9CD /* gamingsimplecleanUITestsLaunchTests.swift */ = {isa = PBXFileReference; lastKnownFileType = sourcecode.swift; path = gamingsimplecleanUITestsLaunchTests.swift; sourceTree = "<group>"; };
/* End PBXFileReference section */

/* Begin PBXFrameworksBuildPhase section */
		2F4C86D129D02BA5004BC9CD /* Frameworks */ = {
			isa = PBXFrameworksBuildPhase;
			buildActionMask = 2147483647;
			files = (
				2F353C2829D02CA60012A5A6 /* RGDetail in Frameworks */,
				2F353C2629D02CA30012A5A6 /* RGCore in Frameworks */,
				2F353C2C29D02CAD0012A5A6 /* RGGameRow in Frameworks */,
				2F353C2429D02CA00012A5A6 /* RGAbout in Frameworks */,
				2F353C2E29D02CAF0012A5A6 /* RGHome in Frameworks */,
				2F353C2A29D02CA90012A5A6 /* RGFavorite in Frameworks */,
			);
			runOnlyForDeploymentPostprocessing = 0;
		};
		2F4C86E129D02BA6004BC9CD /* Frameworks */ = {
			isa = PBXFrameworksBuildPhase;
			buildActionMask = 2147483647;
			files = (
			);
			runOnlyForDeploymentPostprocessing = 0;
		};
		2F4C86EB29D02BA6004BC9CD /* Frameworks */ = {
			isa = PBXFrameworksBuildPhase;
			buildActionMask = 2147483647;
			files = (
			);
			runOnlyForDeploymentPostprocessing = 0;
		};
/* End PBXFrameworksBuildPhase section */

/* Begin PBXGroup section */
		2F353C0F29D02C380012A5A6 /* App */ = {
			isa = PBXGroup;
			children = (
				2F353C1029D02C380012A5A6 /* gamingsimplecleanApp.swift */,
				2F353C1129D02C380012A5A6 /* ContentView.swift */,
			);
			path = App;
			sourceTree = "<group>";
		};
		2F353C1229D02C380012A5A6 /* DI */ = {
			isa = PBXGroup;
			children = (
				2F353C1329D02C380012A5A6 /* AppInjection.swift */,
			);
			path = DI;
			sourceTree = "<group>";
		};
		2F353C1429D02C380012A5A6 /* Preview Content */ = {
			isa = PBXGroup;
			children = (
				2F353C1529D02C380012A5A6 /* Preview Assets.xcassets */,
			);
			path = "Preview Content";
			sourceTree = "<group>";
		};
		2F353C1B29D02C490012A5A6 /* Packages */ = {
			isa = PBXGroup;
			children = (
				2F353C1C29D02C490012A5A6 /* RGAbout */,
				2F353C1D29D02C530012A5A6 /* RGCore */,
				2F353C1E29D02C5B0012A5A6 /* RGDetail */,
				2F353C1F29D02C670012A5A6 /* RGFavorite */,
				2F353C2029D02C720012A5A6 /* RGGameRow */,
				2F353C2129D02C7E0012A5A6 /* RGHome */,
			);
			name = Packages;
			sourceTree = "<group>";
		};
		2F353C2229D02CA00012A5A6 /* Frameworks */ = {
			isa = PBXGroup;
			children = (
			);
			name = Frameworks;
			sourceTree = "<group>";
		};
		2F4C86CB29D02BA5004BC9CD = {
			isa = PBXGroup;
			children = (
				2F353C1B29D02C490012A5A6 /* Packages */,
				2F4C86D629D02BA5004BC9CD /* gamingsimpleclean */,
				2F4C86E729D02BA6004BC9CD /* gamingsimplecleanTests */,
				2F4C86F129D02BA6004BC9CD /* gamingsimplecleanUITests */,
				2F4C86D529D02BA5004BC9CD /* Products */,
				2F353C2229D02CA00012A5A6 /* Frameworks */,
			);
			sourceTree = "<group>";
		};
		2F4C86D529D02BA5004BC9CD /* Products */ = {
			isa = PBXGroup;
			children = (
				2F4C86D429D02BA5004BC9CD /* gamingsimpleclean.app */,
				2F4C86E429D02BA6004BC9CD /* gamingsimplecleanTests.xctest */,
				2F4C86EE29D02BA6004BC9CD /* gamingsimplecleanUITests.xctest */,
			);
			name = Products;
			sourceTree = "<group>";
		};
		2F4C86D629D02BA5004BC9CD /* gamingsimpleclean */ = {
			isa = PBXGroup;
			children = (
				2F353C0F29D02C380012A5A6 /* App */,
				2F353C0E29D02C380012A5A6 /* Assets.xcassets */,
				2F353C1229D02C380012A5A6 /* DI */,
				2F353C1429D02C380012A5A6 /* Preview Content */,
			);
			path = gamingsimpleclean;
			sourceTree = "<group>";
		};
		2F4C86E729D02BA6004BC9CD /* gamingsimplecleanTests */ = {
			isa = PBXGroup;
			children = (
				2F4C86E829D02BA6004BC9CD /* gamingsimplecleanTests.swift */,
			);
			path = gamingsimplecleanTests;
			sourceTree = "<group>";
		};
		2F4C86F129D02BA6004BC9CD /* gamingsimplecleanUITests */ = {
			isa = PBXGroup;
			children = (
				2F4C86F229D02BA6004BC9CD /* gamingsimplecleanUITests.swift */,
				2F4C86F429D02BA6004BC9CD /* gamingsimplecleanUITestsLaunchTests.swift */,
			);
			path = gamingsimplecleanUITests;
			sourceTree = "<group>";
		};
/* End PBXGroup section */

/* Begin PBXNativeTarget section */
		2F4C86D329D02BA5004BC9CD /* gamingsimpleclean */ = {
			isa = PBXNativeTarget;
			buildConfigurationList = 2F4C86F829D02BA6004BC9CD /* Build configuration list for PBXNativeTarget "gamingsimpleclean" */;
			buildPhases = (
				2F4C86D029D02BA5004BC9CD /* Sources */,
				2F4C86D129D02BA5004BC9CD /* Frameworks */,
				2F4C86D229D02BA5004BC9CD /* Resources */,
			);
			buildRules = (
			);
			dependencies = (
			);
			name = gamingsimpleclean;
			packageProductDependencies = (
				2F353C2329D02CA00012A5A6 /* RGAbout */,
				2F353C2529D02CA30012A5A6 /* RGCore */,
				2F353C2729D02CA60012A5A6 /* RGDetail */,
				2F353C2929D02CA90012A5A6 /* RGFavorite */,
				2F353C2B29D02CAD0012A5A6 /* RGGameRow */,
				2F353C2D29D02CAF0012A5A6 /* RGHome */,
			);
			productName = gamingsimpleclean;
			productReference = 2F4C86D429D02BA5004BC9CD /* gamingsimpleclean.app */;
			productType = "com.apple.product-type.application";
		};
		2F4C86E329D02BA6004BC9CD /* gamingsimplecleanTests */ = {
			isa = PBXNativeTarget;
			buildConfigurationList = 2F4C86FB29D02BA6004BC9CD /* Build configuration list for PBXNativeTarget "gamingsimplecleanTests" */;
			buildPhases = (
				2F4C86E029D02BA6004BC9CD /* Sources */,
				2F4C86E129D02BA6004BC9CD /* Frameworks */,
				2F4C86E229D02BA6004BC9CD /* Resources */,
			);
			buildRules = (
			);
			dependencies = (
				2F4C86E629D02BA6004BC9CD /* PBXTargetDependency */,
			);
			name = gamingsimplecleanTests;
			productName = gamingsimplecleanTests;
			productReference = 2F4C86E429D02BA6004BC9CD /* gamingsimplecleanTests.xctest */;
			productType = "com.apple.product-type.bundle.unit-test";
		};
		2F4C86ED29D02BA6004BC9CD /* gamingsimplecleanUITests */ = {
			isa = PBXNativeTarget;
			buildConfigurationList = 2F4C86FE29D02BA6004BC9CD /* Build configuration list for PBXNativeTarget "gamingsimplecleanUITests" */;
			buildPhases = (
				2F4C86EA29D02BA6004BC9CD /* Sources */,
				2F4C86EB29D02BA6004BC9CD /* Frameworks */,
				2F4C86EC29D02BA6004BC9CD /* Resources */,
			);
			buildRules = (
			);
			dependencies = (
				2F4C86F029D02BA6004BC9CD /* PBXTargetDependency */,
			);
			name = gamingsimplecleanUITests;
			productName = gamingsimplecleanUITests;
			productReference = 2F4C86EE29D02BA6004BC9CD /* gamingsimplecleanUITests.xctest */;
			productType = "com.apple.product-type.bundle.ui-testing";
		};
/* End PBXNativeTarget section */

/* Begin PBXProject section */
		2F4C86CC29D02BA5004BC9CD /* Project object */ = {
			isa = PBXProject;
			attributes = {
				BuildIndependentTargetsInParallel = 1;
				LastSwiftUpdateCheck = 1410;
				LastUpgradeCheck = 1410;
				TargetAttributes = {
					2F4C86D329D02BA5004BC9CD = {
						CreatedOnToolsVersion = 14.1;
					};
					2F4C86E329D02BA6004BC9CD = {
						CreatedOnToolsVersion = 14.1;
						TestTargetID = 2F4C86D329D02BA5004BC9CD;
					};
					2F4C86ED29D02BA6004BC9CD = {
						CreatedOnToolsVersion = 14.1;
						TestTargetID = 2F4C86D329D02BA5004BC9CD;
					};
				};
			};
			buildConfigurationList = 2F4C86CF29D02BA5004BC9CD /* Build configuration list for PBXProject "gamingsimpleclean" */;
			compatibilityVersion = "Xcode 14.0";
			developmentRegion = en;
			hasScannedForEncodings = 0;
			knownRegions = (
				en,
				Base,
			);
			mainGroup = 2F4C86CB29D02BA5004BC9CD;
			productRefGroup = 2F4C86D529D02BA5004BC9CD /* Products */;
			projectDirPath = "";
			projectRoot = "";
			targets = (
				2F4C86D329D02BA5004BC9CD /* gamingsimpleclean */,
				2F4C86E329D02BA6004BC9CD /* gamingsimplecleanTests */,
				2F4C86ED29D02BA6004BC9CD /* gamingsimplecleanUITests */,
			);
		};
/* End PBXProject section */

/* Begin PBXResourcesBuildPhase section */
		2F4C86D229D02BA5004BC9CD /* Resources */ = {
			isa = PBXResourcesBuildPhase;
			buildActionMask = 2147483647;
			files = (
				2F353C1A29D02C380012A5A6 /* Preview Assets.xcassets in Resources */,
				2F353C1629D02C380012A5A6 /* Assets.xcassets in Resources */,
			);
			runOnlyForDeploymentPostprocessing = 0;
		};
		2F4C86E229D02BA6004BC9CD /* Resources */ = {
			isa = PBXResourcesBuildPhase;
			buildActionMask = 2147483647;
			files = (
			);
			runOnlyForDeploymentPostprocessing = 0;
		};
		2F4C86EC29D02BA6004BC9CD /* Resources */ = {
			isa = PBXResourcesBuildPhase;
			buildActionMask = 2147483647;
			files = (
			);
			runOnlyForDeploymentPostprocessing = 0;
		};
/* End PBXResourcesBuildPhase section */

/* Begin PBXSourcesBuildPhase section */
		2F4C86D029D02BA5004BC9CD /* Sources */ = {
			isa = PBXSourcesBuildPhase;
			buildActionMask = 2147483647;
			files = (
				2F353C1829D02C380012A5A6 /* ContentView.swift in Sources */,
				2F353C1929D02C380012A5A6 /* AppInjection.swift in Sources */,
				2F353C1729D02C380012A5A6 /* gamingsimplecleanApp.swift in Sources */,
			);
			runOnlyForDeploymentPostprocessing = 0;
		};
		2F4C86E029D02BA6004BC9CD /* Sources */ = {
			isa = PBXSourcesBuildPhase;
			buildActionMask = 2147483647;
			files = (
				2F4C86E929D02BA6004BC9CD /* gamingsimplecleanTests.swift in Sources */,
			);
			runOnlyForDeploymentPostprocessing = 0;
		};
		2F4C86EA29D02BA6004BC9CD /* Sources */ = {
			isa = PBXSourcesBuildPhase;
			buildActionMask = 2147483647;
			files = (
				2F4C86F329D02BA6004BC9CD /* gamingsimplecleanUITests.swift in Sources */,
				2F4C86F529D02BA6004BC9CD /* gamingsimplecleanUITestsLaunchTests.swift in Sources */,
			);
			runOnlyForDeploymentPostprocessing = 0;
		};
/* End PBXSourcesBuildPhase section */

/* Begin PBXTargetDependency section */
		2F4C86E629D02BA6004BC9CD /* PBXTargetDependency */ = {
			isa = PBXTargetDependency;
			target = 2F4C86D329D02BA5004BC9CD /* gamingsimpleclean */;
			targetProxy = 2F4C86E529D02BA6004BC9CD /* PBXContainerItemProxy */;
		};
		2F4C86F029D02BA6004BC9CD /* PBXTargetDependency */ = {
			isa = PBXTargetDependency;
			target = 2F4C86D329D02BA5004BC9CD /* gamingsimpleclean */;
			targetProxy = 2F4C86EF29D02BA6004BC9CD /* PBXContainerItemProxy */;
		};
/* End PBXTargetDependency section */

/* Begin XCBuildConfiguration section */
		2F4C86F629D02BA6004BC9CD /* Debug */ = {
			isa = XCBuildConfiguration;
			buildSettings = {
				ALWAYS_SEARCH_USER_PATHS = NO;
				CLANG_ANALYZER_NONNULL = YES;
				CLANG_ANALYZER_NUMBER_OBJECT_CONVERSION = YES_AGGRESSIVE;
				CLANG_CXX_LANGUAGE_STANDARD = "gnu++20";
				CLANG_ENABLE_MODULES = YES;
				CLANG_ENABLE_OBJC_ARC = YES;
				CLANG_ENABLE_OBJC_WEAK = YES;
				CLANG_WARN_BLOCK_CAPTURE_AUTORELEASING = YES;
				CLANG_WARN_BOOL_CONVERSION = YES;
				CLANG_WARN_COMMA = YES;
				CLANG_WARN_CONSTANT_CONVERSION = YES;
				CLANG_WARN_DEPRECATED_OBJC_IMPLEMENTATIONS = YES;
				CLANG_WARN_DIRECT_OBJC_ISA_USAGE = YES_ERROR;
				CLANG_WARN_DOCUMENTATION_COMMENTS = YES;
				CLANG_WARN_EMPTY_BODY = YES;
				CLANG_WARN_ENUM_CONVERSION = YES;
				CLANG_WARN_INFINITE_RECURSION = YES;
				CLANG_WARN_INT_CONVERSION = YES;
				CLANG_WARN_NON_LITERAL_NULL_CONVERSION = YES;
				CLANG_WARN_OBJC_IMPLICIT_RETAIN_SELF = YES;
				CLANG_WARN_OBJC_LITERAL_CONVERSION = YES;
				CLANG_WARN_OBJC_ROOT_CLASS = YES_ERROR;
				CLANG_WARN_QUOTED_INCLUDE_IN_FRAMEWORK_HEADER = YES;
				CLANG_WARN_RANGE_LOOP_ANALYSIS = YES;
				CLANG_WARN_STRICT_PROTOTYPES = YES;
				CLANG_WARN_SUSPICIOUS_MOVE = YES;
				CLANG_WARN_UNGUARDED_AVAILABILITY = YES_AGGRESSIVE;
				CLANG_WARN_UNREACHABLE_CODE = YES;
				CLANG_WARN__DUPLICATE_METHOD_MATCH = YES;
				COPY_PHASE_STRIP = NO;
				DEBUG_INFORMATION_FORMAT = dwarf;
				ENABLE_STRICT_OBJC_MSGSEND = YES;
				ENABLE_TESTABILITY = YES;
				GCC_C_LANGUAGE_STANDARD = gnu11;
				GCC_DYNAMIC_NO_PIC = NO;
				GCC_NO_COMMON_BLOCKS = YES;
				GCC_OPTIMIZATION_LEVEL = 0;
				GCC_PREPROCESSOR_DEFINITIONS = (
					"DEBUG=1",
					"$(inherited)",
				);
				GCC_WARN_64_TO_32_BIT_CONVERSION = YES;
				GCC_WARN_ABOUT_RETURN_TYPE = YES_ERROR;
				GCC_WARN_UNDECLARED_SELECTOR = YES;
				GCC_WARN_UNINITIALIZED_AUTOS = YES_AGGRESSIVE;
				GCC_WARN_UNUSED_FUNCTION = YES;
				GCC_WARN_UNUSED_VARIABLE = YES;
				IPHONEOS_DEPLOYMENT_TARGET = 16.1;
				MTL_ENABLE_DEBUG_INFO = INCLUDE_SOURCE;
				MTL_FAST_MATH = YES;
				ONLY_ACTIVE_ARCH = YES;
				SDKROOT = iphoneos;
				SWIFT_ACTIVE_COMPILATION_CONDITIONS = DEBUG;
				SWIFT_OPTIMIZATION_LEVEL = "-Onone";
			};
			name = Debug;
		};
		2F4C86F729D02BA6004BC9CD /* Release */ = {
			isa = XCBuildConfiguration;
			buildSettings = {
				ALWAYS_SEARCH_USER_PATHS = NO;
				CLANG_ANALYZER_NONNULL = YES;
				CLANG_ANALYZER_NUMBER_OBJECT_CONVERSION = YES_AGGRESSIVE;
				CLANG_CXX_LANGUAGE_STANDARD = "gnu++20";
				CLANG_ENABLE_MODULES = YES;
				CLANG_ENABLE_OBJC_ARC = YES;
				CLANG_ENABLE_OBJC_WEAK = YES;
				CLANG_WARN_BLOCK_CAPTURE_AUTORELEASING = YES;
				CLANG_WARN_BOOL_CONVERSION = YES;
				CLANG_WARN_COMMA = YES;
				CLANG_WARN_CONSTANT_CONVERSION = YES;
				CLANG_WARN_DEPRECATED_OBJC_IMPLEMENTATIONS = YES;
				CLANG_WARN_DIRECT_OBJC_ISA_USAGE = YES_ERROR;
				CLANG_WARN_DOCUMENTATION_COMMENTS = YES;
				CLANG_WARN_EMPTY_BODY = YES;
				CLANG_WARN_ENUM_CONVERSION = YES;
				CLANG_WARN_INFINITE_RECURSION = YES;
				CLANG_WARN_INT_CONVERSION = YES;
				CLANG_WARN_NON_LITERAL_NULL_CONVERSION = YES;
				CLANG_WARN_OBJC_IMPLICIT_RETAIN_SELF = YES;
				CLANG_WARN_OBJC_LITERAL_CONVERSION = YES;
				CLANG_WARN_OBJC_ROOT_CLASS = YES_ERROR;
				CLANG_WARN_QUOTED_INCLUDE_IN_FRAMEWORK_HEADER = YES;
				CLANG_WARN_RANGE_LOOP_ANALYSIS = YES;
				CLANG_WARN_STRICT_PROTOTYPES = YES;
				CLANG_WARN_SUSPICIOUS_MOVE = YES;
				CLANG_WARN_UNGUARDED_AVAILABILITY = YES_AGGRESSIVE;
				CLANG_WARN_UNREACHABLE_CODE = YES;
				CLANG_WARN__DUPLICATE_METHOD_MATCH = YES;
				COPY_PHASE_STRIP = NO;
				DEBUG_INFORMATION_FORMAT = "dwarf-with-dsym";
				ENABLE_NS_ASSERTIONS = NO;
				ENABLE_STRICT_OBJC_MSGSEND = YES;
				GCC_C_LANGUAGE_STANDARD = gnu11;
				GCC_NO_COMMON_BLOCKS = YES;
				GCC_WARN_64_TO_32_BIT_CONVERSION = YES;
				GCC_WARN_ABOUT_RETURN_TYPE = YES_ERROR;
				GCC_WARN_UNDECLARED_SELECTOR = YES;
				GCC_WARN_UNINITIALIZED_AUTOS = YES_AGGRESSIVE;
				GCC_WARN_UNUSED_FUNCTION = YES;
				GCC_WARN_UNUSED_VARIABLE = YES;
				IPHONEOS_DEPLOYMENT_TARGET = 16.1;
				MTL_ENABLE_DEBUG_INFO = NO;
				MTL_FAST_MATH = YES;
				SDKROOT = iphoneos;
				SWIFT_COMPILATION_MODE = wholemodule;
				SWIFT_OPTIMIZATION_LEVEL = "-O";
				VALIDATE_PRODUCT = YES;
			};
			name = Release;
		};
		2F4C86F929D02BA6004BC9CD /* Debug */ = {
			isa = XCBuildConfiguration;
			buildSettings = {
				ASSETCATALOG_COMPILER_APPICON_NAME = AppIcon;
				ASSETCATALOG_COMPILER_GLOBAL_ACCENT_COLOR_NAME = AccentColor;
				CODE_SIGN_STYLE = Automatic;
				CURRENT_PROJECT_VERSION = 1;
				DEVELOPMENT_ASSET_PATHS = "\"gamingsimpleclean/Preview Content\"";
				DEVELOPMENT_TEAM = 76PUZQ34QB;
				ENABLE_PREVIEWS = YES;
				GENERATE_INFOPLIST_FILE = YES;
				INFOPLIST_KEY_UIApplicationSceneManifest_Generation = YES;
				INFOPLIST_KEY_UIApplicationSupportsIndirectInputEvents = YES;
				INFOPLIST_KEY_UILaunchScreen_Generation = YES;
				INFOPLIST_KEY_UISupportedInterfaceOrientations_iPad = "UIInterfaceOrientationPortrait UIInterfaceOrientationPortraitUpsideDown UIInterfaceOrientationLandscapeLeft UIInterfaceOrientationLandscapeRight";
				INFOPLIST_KEY_UISupportedInterfaceOrientations_iPhone = "UIInterfaceOrientationPortrait UIInterfaceOrientationLandscapeLeft UIInterfaceOrientationLandscapeRight";
				LD_RUNPATH_SEARCH_PATHS = (
					"$(inherited)",
					"@executable_path/Frameworks",
				);
				MARKETING_VERSION = 1.0;
				PRODUCT_BUNDLE_IDENTIFIER = com.bi.learnquran.gamingsimpleclean;
				PRODUCT_NAME = "$(TARGET_NAME)";
				SWIFT_EMIT_LOC_STRINGS = YES;
				SWIFT_VERSION = 5.0;
				TARGETED_DEVICE_FAMILY = "1,2";
			};
			name = Debug;
		};
		2F4C86FA29D02BA6004BC9CD /* Release */ = {
			isa = XCBuildConfiguration;
			buildSettings = {
				ASSETCATALOG_COMPILER_APPICON_NAME = AppIcon;
				ASSETCATALOG_COMPILER_GLOBAL_ACCENT_COLOR_NAME = AccentColor;
				CODE_SIGN_STYLE = Automatic;
				CURRENT_PROJECT_VERSION = 1;
				DEVELOPMENT_ASSET_PATHS = "\"gamingsimpleclean/Preview Content\"";
				DEVELOPMENT_TEAM = 76PUZQ34QB;
				ENABLE_PREVIEWS = YES;
				GENERATE_INFOPLIST_FILE = YES;
				INFOPLIST_KEY_UIApplicationSceneManifest_Generation = YES;
				INFOPLIST_KEY_UIApplicationSupportsIndirectInputEvents = YES;
				INFOPLIST_KEY_UILaunchScreen_Generation = YES;
				INFOPLIST_KEY_UISupportedInterfaceOrientations_iPad = "UIInterfaceOrientationPortrait UIInterfaceOrientationPortraitUpsideDown UIInterfaceOrientationLandscapeLeft UIInterfaceOrientationLandscapeRight";
				INFOPLIST_KEY_UISupportedInterfaceOrientations_iPhone = "UIInterfaceOrientationPortrait UIInterfaceOrientationLandscapeLeft UIInterfaceOrientationLandscapeRight";
				LD_RUNPATH_SEARCH_PATHS = (
					"$(inherited)",
					"@executable_path/Frameworks",
				);
				MARKETING_VERSION = 1.0;
				PRODUCT_BUNDLE_IDENTIFIER = com.bi.learnquran.gamingsimpleclean;
				PRODUCT_NAME = "$(TARGET_NAME)";
				SWIFT_EMIT_LOC_STRINGS = YES;
				SWIFT_VERSION = 5.0;
				TARGETED_DEVICE_FAMILY = "1,2";
			};
			name = Release;
		};
		2F4C86FC29D02BA6004BC9CD /* Debug */ = {
			isa = XCBuildConfiguration;
			buildSettings = {
				ALWAYS_EMBED_SWIFT_STANDARD_LIBRARIES = YES;
				BUNDLE_LOADER = "$(TEST_HOST)";
				CODE_SIGN_STYLE = Automatic;
				CURRENT_PROJECT_VERSION = 1;
				DEVELOPMENT_TEAM = 76PUZQ34QB;
				GENERATE_INFOPLIST_FILE = YES;
				IPHONEOS_DEPLOYMENT_TARGET = 16.1;
				MARKETING_VERSION = 1.0;
				PRODUCT_BUNDLE_IDENTIFIER = com.bi.learnquran.gamingsimplecleanTests;
				PRODUCT_NAME = "$(TARGET_NAME)";
				SWIFT_EMIT_LOC_STRINGS = NO;
				SWIFT_VERSION = 5.0;
				TARGETED_DEVICE_FAMILY = "1,2";
				TEST_HOST = "$(BUILT_PRODUCTS_DIR)/gamingsimpleclean.app/$(BUNDLE_EXECUTABLE_FOLDER_PATH)/gamingsimpleclean";
			};
			name = Debug;
		};
		2F4C86FD29D02BA6004BC9CD /* Release */ = {
			isa = XCBuildConfiguration;
			buildSettings = {
				ALWAYS_EMBED_SWIFT_STANDARD_LIBRARIES = YES;
				BUNDLE_LOADER = "$(TEST_HOST)";
				CODE_SIGN_STYLE = Automatic;
				CURRENT_PROJECT_VERSION = 1;
				DEVELOPMENT_TEAM = 76PUZQ34QB;
				GENERATE_INFOPLIST_FILE = YES;
				IPHONEOS_DEPLOYMENT_TARGET = 16.1;
				MARKETING_VERSION = 1.0;
				PRODUCT_BUNDLE_IDENTIFIER = com.bi.learnquran.gamingsimplecleanTests;
				PRODUCT_NAME = "$(TARGET_NAME)";
				SWIFT_EMIT_LOC_STRINGS = NO;
				SWIFT_VERSION = 5.0;
				TARGETED_DEVICE_FAMILY = "1,2";
				TEST_HOST = "$(BUILT_PRODUCTS_DIR)/gamingsimpleclean.app/$(BUNDLE_EXECUTABLE_FOLDER_PATH)/gamingsimpleclean";
			};
			name = Release;
		};
		2F4C86FF29D02BA6004BC9CD /* Debug */ = {
			isa = XCBuildConfiguration;
			buildSettings = {
				ALWAYS_EMBED_SWIFT_STANDARD_LIBRARIES = YES;
				CODE_SIGN_STYLE = Automatic;
				CURRENT_PROJECT_VERSION = 1;
				DEVELOPMENT_TEAM = 76PUZQ34QB;
				GENERATE_INFOPLIST_FILE = YES;
				MARKETING_VERSION = 1.0;
				PRODUCT_BUNDLE_IDENTIFIER = com.bi.learnquran.gamingsimplecleanUITests;
				PRODUCT_NAME = "$(TARGET_NAME)";
				SWIFT_EMIT_LOC_STRINGS = NO;
				SWIFT_VERSION = 5.0;
				TARGETED_DEVICE_FAMILY = "1,2";
				TEST_TARGET_NAME = gamingsimpleclean;
			};
			name = Debug;
		};
		2F4C870029D02BA6004BC9CD /* Release */ = {
			isa = XCBuildConfiguration;
			buildSettings = {
				ALWAYS_EMBED_SWIFT_STANDARD_LIBRARIES = YES;
				CODE_SIGN_STYLE = Automatic;
				CURRENT_PROJECT_VERSION = 1;
				DEVELOPMENT_TEAM = 76PUZQ34QB;
				GENERATE_INFOPLIST_FILE = YES;
				MARKETING_VERSION = 1.0;
				PRODUCT_BUNDLE_IDENTIFIER = com.bi.learnquran.gamingsimplecleanUITests;
				PRODUCT_NAME = "$(TARGET_NAME)";
				SWIFT_EMIT_LOC_STRINGS = NO;
				SWIFT_VERSION = 5.0;
				TARGETED_DEVICE_FAMILY = "1,2";
				TEST_TARGET_NAME = gamingsimpleclean;
			};
			name = Release;
		};
/* End XCBuildConfiguration section */

/* Begin XCConfigurationList section */
		2F4C86CF29D02BA5004BC9CD /* Build configuration list for PBXProject "gamingsimpleclean" */ = {
			isa = XCConfigurationList;
			buildConfigurations = (
				2F4C86F629D02BA6004BC9CD /* Debug */,
				2F4C86F729D02BA6004BC9CD /* Release */,
			);
			defaultConfigurationIsVisible = 0;
			defaultConfigurationName = Release;
		};
		2F4C86F829D02BA6004BC9CD /* Build configuration list for PBXNativeTarget "gamingsimpleclean" */ = {
			isa = XCConfigurationList;
			buildConfigurations = (
				2F4C86F929D02BA6004BC9CD /* Debug */,
				2F4C86FA29D02BA6004BC9CD /* Release */,
			);
			defaultConfigurationIsVisible = 0;
			defaultConfigurationName = Release;
		};
		2F4C86FB29D02BA6004BC9CD /* Build configuration list for PBXNativeTarget "gamingsimplecleanTests" */ = {
			isa = XCConfigurationList;
			buildConfigurations = (
				2F4C86FC29D02BA6004BC9CD /* Debug */,
				2F4C86FD29D02BA6004BC9CD /* Release */,
			);
			defaultConfigurationIsVisible = 0;
			defaultConfigurationName = Release;
		};
		2F4C86FE29D02BA6004BC9CD /* Build configuration list for PBXNativeTarget "gamingsimplecleanUITests" */ = {
			isa = XCConfigurationList;
			buildConfigurations = (
				2F4C86FF29D02BA6004BC9CD /* Debug */,
				2F4C870029D02BA6004BC9CD /* Release */,
			);
			defaultConfigurationIsVisible = 0;
			defaultConfigurationName = Release;
		};
/* End XCConfigurationList section */

/* Begin XCSwiftPackageProductDependency section */
		2F353C2329D02CA00012A5A6 /* RGAbout */ = {
			isa = XCSwiftPackageProductDependency;
			productName = RGAbout;
		};
		2F353C2529D02CA30012A5A6 /* RGCore */ = {
			isa = XCSwiftPackageProductDependency;
			productName = RGCore;
		};
		2F353C2729D02CA60012A5A6 /* RGDetail */ = {
			isa = XCSwiftPackageProductDependency;
			productName = RGDetail;
		};
		2F353C2929D02CA90012A5A6 /* RGFavorite */ = {
			isa = XCSwiftPackageProductDependency;
			productName = RGFavorite;
		};
		2F353C2B29D02CAD0012A5A6 /* RGGameRow */ = {
			isa = XCSwiftPackageProductDependency;
			productName = RGGameRow;
		};
		2F353C2D29D02CAF0012A5A6 /* RGHome */ = {
			isa = XCSwiftPackageProductDependency;
			productName = RGHome;
		};
/* End XCSwiftPackageProductDependency section */
	};
	rootObject = 2F4C86CC29D02BA5004BC9CD /* Project object */;
}
